{
  "name": "iris-web",
  "version": "1.0.0",
  "lockfileVersion": 3,
  "requires": true,
  "packages": {
    "": {
      "name": "iris-web",
      "version": "1.0.0",
      "license": "ISC",
      "dependencies": {
        "jsontree": "^0.1.4"
      }
    },
    "node_modules/allong.es": {
      "version": "0.14.0",
      "resolved": "https://registry.npmjs.org/allong.es/-/allong.es-0.14.0.tgz",
      "integrity": "sha512-aY7NxEyGrg3laH+QhrOjr2M8bdul+fpEpYC6oHoiTJQuJxh2M+MbJE1vlF9saf9/8v+z6JmpbOaITAtU4V8hmw==",
      "dependencies": {
        "promise": ""
      },
      "engines": {
        "node": ""
      }
    },
    "node_modules/asap": {
      "version": "2.0.6",
      "resolved": "https://registry.npmjs.org/asap/-/asap-2.0.6.tgz",
      "integrity": "sha512-BSHWgDSAiKs50o2Re8ppvp3seVHXSRM44cdSsT9FfNEUUZLOGWVCsiWaRPWM1Znn+mqZ1OfVZ3z3DWEzSp7hRA=="
    },
    "node_modules/jsontree": {
      "version": "0.1.4",
      "resolved": "https://registry.npmjs.org/jsontree/-/jsontree-0.1.4.tgz",
      "integrity": "sha512-vd/jM7Ted+1jZ6QY5qnd2mcBnL/qyP4ynNh3/Qin89EBJo1bhkpyRk0Or0lUgkjOxTOV1hVzW59rY/6uuYrySA==",
      "dependencies": {
        "allong.es": "~0.14.0",
        "underscore": "~1.4.4"
      }
    },
    "node_modules/promise": {
      "version": "8.3.0",
      "resolved": "https://registry.npmjs.org/promise/-/promise-8.3.0.tgz",
      "integrity": "sha512-rZPNPKTOYVNEEKFaq1HqTgOwZD+4/YHS5ukLzQCypkj+OkYx7iv0mA91lJlpPPZ8vMau3IIGj5Qlwrx+8iiSmg==",
      "dependencies": {
        "asap": "~2.0.6"
      }
    },
    "node_modules/underscore": {
      "version": "1.4.4",
      "resolved": "https://registry.npmjs.org/underscore/-/underscore-1.4.4.tgz",
      "integrity": "sha512-ZqGrAgaqqZM7LGRzNjLnw5elevWb5M8LEoDMadxIW3OWbcv72wMMgKdwOKpd5Fqxe8choLD8HN3iSj3TUh/giQ=="
    }
  }
}
